
Microsoft Visual Studio Solution File, Format Version 12.00
# Visual Studio Version 16
VisualStudioVersion = 16.0.31129.286
MinimumVisualStudioVersion = 10.0.40219.1
Project("{FAE04EC0-301F-11D3-BF4B-00C04F79EFBC}") = "TokaInternacional", "TokaInternacional\TokaInternacional.csproj", "{DABD9844-FF92-440F-91DC-5B7A186B522C}"
EndProject
Global
	GlobalSection(SolutionConfigurationPlatforms) = preSolution
		Debug|Any CPU = Debug|Any CPU
		Release|Any CPU = Release|Any CPU
	EndGlobalSection
	GlobalSection(ProjectConfigurationPlatforms) = postSolution
		{DABD9844-FF92-440F-91DC-5B7A186B522C}.Debug|Any CPU.ActiveCfg = Debug|Any CPU
		{DABD9844-FF92-440F-91DC-5B7A186B522C}.Debug|Any CPU.Build.0 = Debug|Any CPU
		{DABD9844-FF92-440F-91DC-5B7A186B522C}.Release|Any CPU.ActiveCfg = Release|Any CPU
		{DABD9844-FF92-440F-91DC-5B7A186B522C}.Release|Any CPU.Build.0 = Release|Any CPU
	EndGlobalSection
	GlobalSection(SolutionProperties) = preSolution
		HideSolutionNode = FALSE
	EndGlobalSection
	GlobalSection(ExtensibilityGlobals) = postSolution
		SolutionGuid = {11F0C701-8AFF-4AA5-A28F-A734B4784F35}
	EndGlobalSection
EndGlobal
